// !$*UTF8*$!
{
	archiveVersion = 1;
	classes = {
	};
	objectVersion = 56;
	objects = {

/* Begin PBXBuildFile section */
		9315F98A29CD2E1A00BCA03A /* pokemonPokeDexApp.swift in Sources */ = {isa = PBXBuildFile; fileRef = 9315F98929CD2E1A00BCA03A /* pokemonPokeDexApp.swift */; };
		9315F98C29CD2E1A00BCA03A /* ContentView.swift in Sources */ = {isa = PBXBuildFile; fileRef = 9315F98B29CD2E1A00BCA03A /* ContentView.swift */; };
		9315F98E29CD2E1B00BCA03A /* Assets.xcassets in Resources */ = {isa = PBXBuildFile; fileRef = 9315F98D29CD2E1B00BCA03A /* Assets.xcassets */; };
		9315F99129CD2E1B00BCA03A /* Preview Assets.xcassets in Resources */ = {isa = PBXBuildFile; fileRef = 9315F99029CD2E1B00BCA03A /* Preview Assets.xcassets */; };
		9315F99C29CD2E7700BCA03A /* data.json in Resources */ = {isa = PBXBuildFile; fileRef = 9315F99B29CD2E7700BCA03A /* data.json */; };
		9315F99E29CD2EA900BCA03A /* PokemonViewModel.swift in Sources */ = {isa = PBXBuildFile; fileRef = 9315F99D29CD2EA900BCA03A /* PokemonViewModel.swift */; };
		9315F9A029CD2EB900BCA03A /* PokeDexModel.swift in Sources */ = {isa = PBXBuildFile; fileRef = 9315F99F29CD2EB900BCA03A /* PokeDexModel.swift */; };
/* End PBXBuildFile section */

/* Begin PBXFileReference section */
		9315F98629CD2E1A00BCA03A /* pokemonPokeDex.app */ = {isa = PBXFileReference; explicitFileType = wrapper.application; includeInIndex = 0; path = pokemonPokeDex.app; sourceTree = BUILT_PRODUCTS_DIR; };
		9315F98929CD2E1A00BCA03A /* pokemonPokeDexApp.swift */ = {isa = PBXFileReference; lastKnownFileType = sourcecode.swift; path = pokemonPokeDexApp.swift; sourceTree = "<group>"; };
		9315F98B29CD2E1A00BCA03A /* ContentView.swift */ = {isa = PBXFileReference; lastKnownFileType = sourcecode.swift; path = ContentView.swift; sourceTree = "<group>"; };
		9315F98D29CD2E1B00BCA03A /* Assets.xcassets */ = {isa = PBXFileReference; lastKnownFileType = folder.assetcatalog; path = Assets.xcassets; sourceTree = "<group>"; };
		9315F99029CD2E1B00BCA03A /* Preview Assets.xcassets */ = {isa = PBXFileReference; lastKnownFileType = folder.assetcatalog; path = "Preview Assets.xcassets"; sourceTree = "<group>"; };
		9315F99B29CD2E7700BCA03A /* data.json */ = {isa = PBXFileReference; lastKnownFileType = text.json; path = data.json; sourceTree = "<group>"; };
		9315F99D29CD2EA900BCA03A /* PokemonViewModel.swift */ = {isa = PBXFileReference; lastKnownFileType = sourcecode.swift; path = PokemonViewModel.swift; sourceTree = "<group>"; };
		9315F99F29CD2EB900BCA03A /* PokeDexModel.swift */ = {isa = PBXFileReference; lastKnownFileType = sourcecode.swift; path = PokeDexModel.swift; sourceTree = "<group>"; };
/* End PBXFileReference section */

/* Begin PBXFrameworksBuildPhase section */
		9315F98329CD2E1A00BCA03A /* Frameworks */ = {
			isa = PBXFrameworksBuildPhase;
			buildActionMask = 2147483647;
			files = (
			);
			runOnlyForDeploymentPostprocessing = 0;
		};
/* End PBXFrameworksBuildPhase section */

/* Begin PBXGroup section */
		9315F97D29CD2E1A00BCA03A = {
			isa = PBXGroup;
			children = (
				9315F98829CD2E1A00BCA03A /* pokemonPokeDex */,
				9315F98729CD2E1A00BCA03A /* Products */,
			);
			sourceTree = "<group>";
		};
		9315F98729CD2E1A00BCA03A /* Products */ = {
			isa = PBXGroup;
			children = (
				9315F98629CD2E1A00BCA03A /* pokemonPokeDex.app */,
			);
			name = Products;
			sourceTree = "<group>";
		};
		9315F98829CD2E1A00BCA03A /* pokemonPokeDex */ = {
			isa = PBXGroup;
			children = (
				9315F99929CD2E3F00BCA03A /* ViewModel */,
				9315F99A29CD2E4A00BCA03A /* Model */,
				9315F99829CD2E3500BCA03A /* Views */,
				9315F99729CD2E2E00BCA03A /* data */,
				9315F98929CD2E1A00BCA03A /* pokemonPokeDexApp.swift */,
				9315F98D29CD2E1B00BCA03A /* Assets.xcassets */,
				9315F98F29CD2E1B00BCA03A /* Preview Content */,
			);
			path = pokemonPokeDex;
			sourceTree = "<group>";
		};
		9315F98F29CD2E1B00BCA03A /* Preview Content */ = {
			isa = PBXGroup;
			children = (
				9315F99029CD2E1B00BCA03A /* Preview Assets.xcassets */,
			);
			path = "Preview Content";
			sourceTree = "<group>";
		};
		9315F99729CD2E2E00BCA03A /* data */ = {
			isa = PBXGroup;
			children = (
				9315F99B29CD2E7700BCA03A /* data.json */,
			);
			path = data;
			sourceTree = "<group>";
		};
		9315F99829CD2E3500BCA03A /* Views */ = {
			isa = PBXGroup;
			children = (
				9315F98B29CD2E1A00BCA03A /* ContentView.swift */,
			);
			path = Views;
			sourceTree = "<group>";
		};
		9315F99929CD2E3F00BCA03A /* ViewModel */ = {
			isa = PBXGroup;
			children = (
				9315F99D29CD2EA900BCA03A /* PokemonViewModel.swift */,
			);
			path = ViewModel;
			sourceTree = "<group>";
		};
		9315F99A29CD2E4A00BCA03A /* Model */ = {
			isa = PBXGroup;
			children = (
				9315F99F29CD2EB900BCA03A /* PokeDexModel.swift */,
			);
			path = Model;
			sourceTree = "<group>";
		};
/* End PBXGroup section */

/* Begin PBXNativeTarget section */
		9315F98529CD2E1A00BCA03A /* pokemonPokeDex */ = {
			isa = PBXNativeTarget;
			buildConfigurationList = 9315F99429CD2E1B00BCA03A /* Build configuration list for PBXNativeTarget "pokemonPokeDex" */;
			buildPhases = (
				9315F98229CD2E1A00BCA03A /* Sources */,
				9315F98329CD2E1A00BCA03A /* Frameworks */,
				9315F98429CD2E1A00BCA03A /* Resources */,
			);
			buildRules = (
			);
			dependencies = (
			);
			name = pokemonPokeDex;
			productName = pokemonPokeDex;
			productReference = 9315F98629CD2E1A00BCA03A /* pokemonPokeDex.app */;
			productType = "com.apple.product-type.application";
		};
/* End PBXNativeTarget section */

/* Begin PBXProject section */
		9315F97E29CD2E1A00BCA03A /* Project object */ = {
			isa = PBXProject;
			attributes = {
				BuildIndependentTargetsInParallel = 1;
				LastSwiftUpdateCheck = 1420;
				LastUpgradeCheck = 1420;
				TargetAttributes = {
					9315F98529CD2E1A00BCA03A = {
						CreatedOnToolsVersion = 14.2;
					};
				};
			};
			buildConfigurationList = 9315F98129CD2E1A00BCA03A /* Build configuration list for PBXProject "pokemonPokeDex" */;
			compatibilityVersion = "Xcode 14.0";
			developmentRegion = en;
			hasScannedForEncodings = 0;
			knownRegions = (
				en,
				Base,
			);
			mainGroup = 9315F97D29CD2E1A00BCA03A;
			productRefGroup = 9315F98729CD2E1A00BCA03A /* Products */;
			projectDirPath = "";
			projectRoot = "";
			targets = (
				9315F98529CD2E1A00BCA03A /* pokemonPokeDex */,
			);
		};
/* End PBXProject section */

/* Begin PBXResourcesBuildPhase section */
		9315F98429CD2E1A00BCA03A /* Resources */ = {
			isa = PBXResourcesBuildPhase;
			buildActionMask = 2147483647;
			files = (
				9315F99129CD2E1B00BCA03A /* Preview Assets.xcassets in Resources */,
				9315F99C29CD2E7700BCA03A /* data.json in Resources */,
				9315F98E29CD2E1B00BCA03A /* Assets.xcassets in Resources */,
			);
			runOnlyForDeploymentPostprocessing = 0;
		};
/* End PBXResourcesBuildPhase section */

/* Begin PBXSourcesBuildPhase section */
		9315F98229CD2E1A00BCA03A /* Sources */ = {
			isa = PBXSourcesBuildPhase;
			buildActionMask = 2147483647;
			files = (
				9315F98C29CD2E1A00BCA03A /* ContentView.swift in Sources */,
				9315F98A29CD2E1A00BCA03A /* pokemonPokeDexApp.swift in Sources */,
				9315F9A029CD2EB900BCA03A /* PokeDexModel.swift in Sources */,
				9315F99E29CD2EA900BCA03A /* PokemonViewModel.swift in Sources */,
			);
			runOnlyForDeploymentPostprocessing = 0;
		};
/* End PBXSourcesBuildPhase section */

/* Begin XCBuildConfiguration section */
		9315F99229CD2E1B00BCA03A /* Debug */ = {
			isa = XCBuildConfiguration;
			buildSettings = {
				ALWAYS_SEARCH_USER_PATHS = NO;
				CLANG_ANALYZER_NONNULL = YES;
				CLANG_ANALYZER_NUMBER_OBJECT_CONVERSION = YES_AGGRESSIVE;
				CLANG_CXX_LANGUAGE_STANDARD = "gnu++20";
				CLANG_ENABLE_MODULES = YES;
				CLANG_ENABLE_OBJC_ARC = YES;
				CLANG_ENABLE_OBJC_WEAK = YES;
				CLANG_WARN_BLOCK_CAPTURE_AUTORELEASING = YES;
				CLANG_WARN_BOOL_CONVERSION = YES;
				CLANG_WARN_COMMA = YES;
				CLANG_WARN_CONSTANT_CONVERSION = YES;
				CLANG_WARN_DEPRECATED_OBJC_IMPLEMENTATIONS = YES;
				CLANG_WARN_DIRECT_OBJC_ISA_USAGE = YES_ERROR;
				CLANG_WARN_DOCUMENTATION_COMMENTS = YES;
				CLANG_WARN_EMPTY_BODY = YES;
				CLANG_WARN_ENUM_CONVERSION = YES;
				CLANG_WARN_INFINITE_RECURSION = YES;
				CLANG_WARN_INT_CONVERSION = YES;
				CLANG_WARN_NON_LITERAL_NULL_CONVERSION = YES;
				CLANG_WARN_OBJC_IMPLICIT_RETAIN_SELF = YES;
				CLANG_WARN_OBJC_LITERAL_CONVERSION = YES;
				CLANG_WARN_OBJC_ROOT_CLASS = YES_ERROR;
				CLANG_WARN_QUOTED_INCLUDE_IN_FRAMEWORK_HEADER = YES;
				CLANG_WARN_RANGE_LOOP_ANALYSIS = YES;
				CLANG_WARN_STRICT_PROTOTYPES = YES;
				CLANG_WARN_SUSPICIOUS_MOVE = YES;
				CLANG_WARN_UNGUARDED_AVAILABILITY = YES_AGGRESSIVE;
				CLANG_WARN_UNREACHABLE_CODE = YES;
				CLANG_WARN__DUPLICATE_METHOD_MATCH = YES;
				COPY_PHASE_STRIP = NO;
				DEBUG_INFORMATION_FORMAT = dwarf;
				ENABLE_STRICT_OBJC_MSGSEND = YES;
				ENABLE_TESTABILITY = YES;
				GCC_C_LANGUAGE_STANDARD = gnu11;
				GCC_DYNAMIC_NO_PIC = NO;
				GCC_NO_COMMON_BLOCKS = YES;
				GCC_OPTIMIZATION_LEVEL = 0;
				GCC_PREPROCESSOR_DEFINITIONS = (
					"DEBUG=1",
					"$(inherited)",
				);
				GCC_WARN_64_TO_32_BIT_CONVERSION = YES;
				GCC_WARN_ABOUT_RETURN_TYPE = YES_ERROR;
				GCC_WARN_UNDECLARED_SELECTOR = YES;
				GCC_WARN_UNINITIALIZED_AUTOS = YES_AGGRESSIVE;
				GCC_WARN_UNUSED_FUNCTION = YES;
				GCC_WARN_UNUSED_VARIABLE = YES;
				IPHONEOS_DEPLOYMENT_TARGET = 16.2;
				MTL_ENABLE_DEBUG_INFO = INCLUDE_SOURCE;
				MTL_FAST_MATH = YES;
				ONLY_ACTIVE_ARCH = YES;
				SDKROOT = iphoneos;
				SWIFT_ACTIVE_COMPILATION_CONDITIONS = DEBUG;
				SWIFT_OPTIMIZATION_LEVEL = "-Onone";
			};
			name = Debug;
		};
		9315F99329CD2E1B00BCA03A /* Release */ = {
			isa = XCBuildConfiguration;
			buildSettings = {
				ALWAYS_SEARCH_USER_PATHS = NO;
				CLANG_ANALYZER_NONNULL = YES;
				CLANG_ANALYZER_NUMBER_OBJECT_CONVERSION = YES_AGGRESSIVE;
				CLANG_CXX_LANGUAGE_STANDARD = "gnu++20";
				CLANG_ENABLE_MODULES = YES;
				CLANG_ENABLE_OBJC_ARC = YES;
				CLANG_ENABLE_OBJC_WEAK = YES;
				CLANG_WARN_BLOCK_CAPTURE_AUTORELEASING = YES;
				CLANG_WARN_BOOL_CONVERSION = YES;
				CLANG_WARN_COMMA = YES;
				CLANG_WARN_CONSTANT_CONVERSION = YES;
				CLANG_WARN_DEPRECATED_OBJC_IMPLEMENTATIONS = YES;
				CLANG_WARN_DIRECT_OBJC_ISA_USAGE = YES_ERROR;
				CLANG_WARN_DOCUMENTATION_COMMENTS = YES;
				CLANG_WARN_EMPTY_BODY = YES;
				CLANG_WARN_ENUM_CONVERSION = YES;
				CLANG_WARN_INFINITE_RECURSION = YES;
				CLANG_WARN_INT_CONVERSION = YES;
				CLANG_WARN_NON_LITERAL_NULL_CONVERSION = YES;
				CLANG_WARN_OBJC_IMPLICIT_RETAIN_SELF = YES;
				CLANG_WARN_OBJC_LITERAL_CONVERSION = YES;
				CLANG_WARN_OBJC_ROOT_CLASS = YES_ERROR;
				CLANG_WARN_QUOTED_INCLUDE_IN_FRAMEWORK_HEADER = YES;
				CLANG_WARN_RANGE_LOOP_ANALYSIS = YES;
				CLANG_WARN_STRICT_PROTOTYPES = YES;
				CLANG_WARN_SUSPICIOUS_MOVE = YES;
				CLANG_WARN_UNGUARDED_AVAILABILITY = YES_AGGRESSIVE;
				CLANG_WARN_UNREACHABLE_CODE = YES;
				CLANG_WARN__DUPLICATE_METHOD_MATCH = YES;
				COPY_PHASE_STRIP = NO;
				DEBUG_INFORMATION_FORMAT = "dwarf-with-dsym";
				ENABLE_NS_ASSERTIONS = NO;
				ENABLE_STRICT_OBJC_MSGSEND = YES;
				GCC_C_LANGUAGE_STANDARD = gnu11;
				GCC_NO_COMMON_BLOCKS = YES;
				GCC_WARN_64_TO_32_BIT_CONVERSION = YES;
				GCC_WARN_ABOUT_RETURN_TYPE = YES_ERROR;
				GCC_WARN_UNDECLARED_SELECTOR = YES;
				GCC_WARN_UNINITIALIZED_AUTOS = YES_AGGRESSIVE;
				GCC_WARN_UNUSED_FUNCTION = YES;
				GCC_WARN_UNUSED_VARIABLE = YES;
				IPHONEOS_DEPLOYMENT_TARGET = 16.2;
				MTL_ENABLE_DEBUG_INFO = NO;
				MTL_FAST_MATH = YES;
				SDKROOT = iphoneos;
				SWIFT_COMPILATION_MODE = wholemodule;
				SWIFT_OPTIMIZATION_LEVEL = "-O";
				VALIDATE_PRODUCT = YES;
			};
			name = Release;
		};
		9315F99529CD2E1B00BCA03A /* Debug */ = {
			isa = XCBuildConfiguration;
			buildSettings = {
				ASSETCATALOG_COMPILER_APPICON_NAME = AppIcon;
				ASSETCATALOG_COMPILER_GLOBAL_ACCENT_COLOR_NAME = AccentColor;
				CODE_SIGN_STYLE = Automatic;
				CURRENT_PROJECT_VERSION = 1;
				DEVELOPMENT_ASSET_PATHS = "\"pokemonPokeDex/Preview Content\"";
				DEVELOPMENT_TEAM = ZA8ASJR32G;
				ENABLE_PREVIEWS = YES;
				GENERATE_INFOPLIST_FILE = YES;
				INFOPLIST_KEY_UIApplicationSceneManifest_Generation = YES;
				INFOPLIST_KEY_UIApplicationSupportsIndirectInputEvents = YES;
				INFOPLIST_KEY_UILaunchScreen_Generation = YES;
				INFOPLIST_KEY_UISupportedInterfaceOrientations_iPad = "UIInterfaceOrientationPortrait UIInterfaceOrientationPortraitUpsideDown UIInterfaceOrientationLandscapeLeft UIInterfaceOrientationLandscapeRight";
				INFOPLIST_KEY_UISupportedInterfaceOrientations_iPhone = "UIInterfaceOrientationPortrait UIInterfaceOrientationLandscapeLeft UIInterfaceOrientationLandscapeRight";
				LD_RUNPATH_SEARCH_PATHS = (
					"$(inherited)",
					"@executable_path/Frameworks",
				);
				MARKETING_VERSION = 1.0;
				PRODUCT_BUNDLE_IDENTIFIER = davu.pokemonPokeDex;
				PRODUCT_NAME = "$(TARGET_NAME)";
				SWIFT_EMIT_LOC_STRINGS = YES;
				SWIFT_VERSION = 5.0;
				TARGETED_DEVICE_FAMILY = "1,2";
			};
			name = Debug;
		};
		9315F99629CD2E1B00BCA03A /* Release */ = {
			isa = XCBuildConfiguration;
			buildSettings = {
				ASSETCATALOG_COMPILER_APPICON_NAME = AppIcon;
				ASSETCATALOG_COMPILER_GLOBAL_ACCENT_COLOR_NAME = AccentColor;
				CODE_SIGN_STYLE = Automatic;
				CURRENT_PROJECT_VERSION = 1;
				DEVELOPMENT_ASSET_PATHS = "\"pokemonPokeDex/Preview Content\"";
				DEVELOPMENT_TEAM = ZA8ASJR32G;
				ENABLE_PREVIEWS = YES;
				GENERATE_INFOPLIST_FILE = YES;
				INFOPLIST_KEY_UIApplicationSceneManifest_Generation = YES;
				INFOPLIST_KEY_UIApplicationSupportsIndirectInputEvents = YES;
				INFOPLIST_KEY_UILaunchScreen_Generation = YES;
				INFOPLIST_KEY_UISupportedInterfaceOrientations_iPad = "UIInterfaceOrientationPortrait UIInterfaceOrientationPortraitUpsideDown UIInterfaceOrientationLandscapeLeft UIInterfaceOrientationLandscapeRight";
				INFOPLIST_KEY_UISupportedInterfaceOrientations_iPhone = "UIInterfaceOrientationPortrait UIInterfaceOrientationLandscapeLeft UIInterfaceOrientationLandscapeRight";
				LD_RUNPATH_SEARCH_PATHS = (
					"$(inherited)",
					"@executable_path/Frameworks",
				);
				MARKETING_VERSION = 1.0;
				PRODUCT_BUNDLE_IDENTIFIER = davu.pokemonPokeDex;
				PRODUCT_NAME = "$(TARGET_NAME)";
				SWIFT_EMIT_LOC_STRINGS = YES;
				SWIFT_VERSION = 5.0;
				TARGETED_DEVICE_FAMILY = "1,2";
			};
			name = Release;
		};
/* End XCBuildConfiguration section */

/* Begin XCConfigurationList section */
		9315F98129CD2E1A00BCA03A /* Build configuration list for PBXProject "pokemonPokeDex" */ = {
			isa = XCConfigurationList;
			buildConfigurations = (
				9315F99229CD2E1B00BCA03A /* Debug */,
				9315F99329CD2E1B00BCA03A /* Release */,
			);
			defaultConfigurationIsVisible = 0;
			defaultConfigurationName = Release;
		};
		9315F99429CD2E1B00BCA03A /* Build configuration list for PBXNativeTarget "pokemonPokeDex" */ = {
			isa = XCConfigurationList;
			buildConfigurations = (
				9315F99529CD2E1B00BCA03A /* Debug */,
				9315F99629CD2E1B00BCA03A /* Release */,
			);
			defaultConfigurationIsVisible = 0;
			defaultConfigurationName = Release;
		};
/* End XCConfigurationList section */
	};
	rootObject = 9315F97E29CD2E1A00BCA03A /* Project object */;
}
